<?xml version="1.0" encoding="utf-8"?>
<Project ToolsVersion="4.0" xmlns="http://schemas.microsoft.com/developer/msbuild/2003">
  <ItemGroup>
    <Filter Include="Source Files">
      <UniqueIdentifier>{4FC737F1-C7A5-4376-A066-2A32D752A2FF}</UniqueIdentifier>
      <Extensions>cpp;c;cc;cxx;c++;cppm;ixx;def;odl;idl;hpj;bat;asm;asmx</Extensions>
    </Filter>
    <Filter Include="Header Files">
      <UniqueIdentifier>{93995380-89BD-4b04-88EB-625FBE52EBFB}</UniqueIdentifier>
      <Extensions>h;hh;hpp;hxx;h++;hm;inl;inc;ipp;xsd</Extensions>
    </Filter>
    <Filter Include="Resource Files">
      <UniqueIdentifier>{67DA6AB6-F800-4c08-8B7A-83BB121AAD01}</UniqueIdentifier>
      <Extensions>rc;ico;cur;bmp;dlg;rc2;rct;bin;rgs;gif;jpg;jpeg;jpe;resx;tiff;tif;png;wav;mfcribbon-ms</Extensions>
    </Filter>
  </ItemGroup>
  <ItemGroup>
    <ClInclude Include="framework.h">
      <Filter>Header Files</Filter>
    </ClInclude>
    <ClInclude Include="Source\Engine\Implementation\DirectX11\DirectX11Billboard.h">
      <Filter>Header Files</Filter>
    </ClInclude>
    <ClInclude Include="Source\Engine\Implementation\DirectX11\DirectX11Graphics.h">
      <Filter>Header Files</Filter>
    </ClInclude>
    <ClInclude Include="Source\Engine\Implementation\DirectX11\DirectX11Mesh.h">
      <Filter>Header Files</Filter>
    </ClInclude>
    <ClInclude Include="Source\Engine\Implementation\DirectX11\DirectX11Shader.h">
      <Filter>Header Files</Filter>
    </ClInclude>
    <ClInclude Include="Source\Engine\Implementation\DirectX11\DirectX11Texture.h">
      <Filter>Header Files</Filter>
    </ClInclude>
    <ClInclude Include="Source\Engine\Implementation\XInput\DirectXInput.h">
      <Filter>Header Files</Filter>
    </ClInclude>
    <ClInclude Include="Source\Engine\Implementation\CameraComponent.h">
      <Filter>Header Files</Filter>
    </ClInclude>
    <ClInclude Include="Source\Engine\Implementation\MeshRenderable.h">
      <Filter>Header Files</Filter>
    </ClInclude>
    <ClInclude Include="Source\Engine\Implementation\Scene.h">
      <Filter>Header Files</Filter>
    </ClInclude>
    <ClInclude Include="Source\Engine\Implementation\SpriteRenderable.h">
      <Filter>Header Files</Filter>
    </ClInclude>
    <ClInclude Include="Source\Engine\Implementation\TestComponent.h">
      <Filter>Header Files</Filter>
    </ClInclude>
    <ClInclude Include="Source\Engine\Math\Vector2.h">
      <Filter>Header Files</Filter>
    </ClInclude>
    <ClInclude Include="Source\Engine\Math\Vector3.h">
      <Filter>Header Files</Filter>
    </ClInclude>
    <ClInclude Include="Source\Engine\Implementation\Debug.h">
      <Filter>Header Files</Filter>
    </ClInclude>
    <ClInclude Include="Source\Engine\Implementation\GameObject.h">
      <Filter>Header Files</Filter>
    </ClInclude>
    <ClInclude Include="Source\Engine\Implementation\GameObjectFactory.h">
      <Filter>Header Files</Filter>
    </ClInclude>
    <ClInclude Include="Source\Engine\IApplication.h">
      <Filter>Header Files</Filter>
    </ClInclude>
    <ClInclude Include="Source\Engine\ICamera.h">
      <Filter>Header Files</Filter>
    </ClInclude>
    <ClInclude Include="Source\Engine\IComponent.h">
      <Filter>Header Files</Filter>
    </ClInclude>
    <ClInclude Include="Source\Engine\IGraphics.h">
      <Filter>Header Files</Filter>
    </ClInclude>
    <ClInclude Include="Source\Engine\IimGuiDraw.h">
      <Filter>Header Files</Filter>
    </ClInclude>
    <ClInclude Include="Source\Engine\IImGuiRenderable.h">
      <Filter>Header Files</Filter>
    </ClInclude>
    <ClInclude Include="Source\Engine\IInput.h">
      <Filter>Header Files</Filter>
    </ClInclude>
    <ClInclude Include="Source\Engine\ImGuiController.h">
      <Filter>Header Files</Filter>
    </ClInclude>
    <ClInclude Include="Source\Engine\ImGuiFPSCounter.h">
      <Filter>Header Files</Filter>
    </ClInclude>
    <ClInclude Include="Source\Engine\IRenderable.h">
      <Filter>Header Files</Filter>
    </ClInclude>
    <ClInclude Include="Source\Engine\IRenderableComponent.h">
      <Filter>Header Files</Filter>
    </ClInclude>
    <ClInclude Include="Source\Engine\IShader.h">
      <Filter>Header Files</Filter>
    </ClInclude>
    <ClInclude Include="Source\Engine\ITexture.h">
      <Filter>Header Files</Filter>
    </ClInclude>
    <ClInclude Include="Source\Engine\IUpdateable.h">
      <Filter>Header Files</Filter>
    </ClInclude>
    <ClInclude Include="Source\Engine\IUpdatePipe.h">
      <Filter>Header Files</Filter>
    </ClInclude>
    <ClInclude Include="Source\Engine\Implementation\OrthographicCamera.h">
      <Filter>Header Files</Filter>
    </ClInclude>
    <ClInclude Include="Source\Engine\Implementation\PerspectiveCamera.h">
      <Filter>Header Files</Filter>
    </ClInclude>
    <ClInclude Include="Source\Engine\ResourceManager.h">
      <Filter>Header Files</Filter>
    </ClInclude>
    <ClInclude Include="Source\Engine\Implementation\Transform2D.h">
      <Filter>Header Files</Filter>
    </ClInclude>
    <ClInclude Include="Source\Engine\Implementation\Transform3D.h">
      <Filter>Header Files</Filter>
    </ClInclude>
    <ClInclude Include="packages\ImGui\backends\imgui_impl_dx11.h">
      <Filter>Header Files</Filter>
    </ClInclude>
    <ClInclude Include="packages\ImGui\backends\imgui_impl_win32.h">
      <Filter>Header Files</Filter>
    </ClInclude>
    <ClInclude Include="packages\ImGui\examples\libs\emscripten\emscripten_mainloop_stub.h">
      <Filter>Header Files</Filter>
    </ClInclude>
    <ClInclude Include="packages\ImGui\examples\libs\glfw\include\GLFW\glfw3.h">
      <Filter>Header Files</Filter>
    </ClInclude>
    <ClInclude Include="packages\ImGui\examples\libs\glfw\include\GLFW\glfw3native.h">
      <Filter>Header Files</Filter>
    </ClInclude>
    <ClInclude Include="packages\ImGui\examples\libs\usynergy\uSynergy.h">
      <Filter>Header Files</Filter>
    </ClInclude>
    <ClInclude Include="packages\ImGui\misc\cpp\imgui_stdlib.h">
      <Filter>Header Files</Filter>
    </ClInclude>
    <ClInclude Include="packages\ImGui\misc\freetype\imgui_freetype.h">
      <Filter>Header Files</Filter>
    </ClInclude>
    <ClInclude Include="packages\ImGui\misc\single_file\imgui_single_file.h">
      <Filter>Header Files</Filter>
    </ClInclude>
    <ClInclude Include="packages\ImGui\imconfig.h">
      <Filter>Header Files</Filter>
    </ClInclude>
    <ClInclude Include="packages\ImGui\imgui.h">
      <Filter>Header Files</Filter>
    </ClInclude>
    <ClInclude Include="packages\ImGui\imgui_internal.h">
      <Filter>Header Files</Filter>
    </ClInclude>
    <ClInclude Include="packages\ImGui\imstb_rectpack.h">
      <Filter>Header Files</Filter>
    </ClInclude>
    <ClInclude Include="packages\ImGui\imstb_textedit.h">
      <Filter>Header Files</Filter>
    </ClInclude>
    <ClInclude Include="packages\ImGui\imstb_truetype.h">
      <Filter>Header Files</Filter>
    </ClInclude>
    <ClInclude Include="packages\directxtk_desktop_2019.2023.9.6.1\include\Audio.h">
      <Filter>Header Files</Filter>
    </ClInclude>
    <ClInclude Include="packages\directxtk_desktop_2019.2023.9.6.1\include\BufferHelpers.h">
      <Filter>Header Files</Filter>
    </ClInclude>
    <ClInclude Include="packages\directxtk_desktop_2019.2023.9.6.1\include\CommonStates.h">
      <Filter>Header Files</Filter>
    </ClInclude>
    <ClInclude Include="packages\directxtk_desktop_2019.2023.9.6.1\include\DDSTextureLoader.h">
      <Filter>Header Files</Filter>
    </ClInclude>
    <ClInclude Include="packages\directxtk_desktop_2019.2023.9.6.1\include\DirectXHelpers.h">
      <Filter>Header Files</Filter>
    </ClInclude>
    <ClInclude Include="packages\directxtk_desktop_2019.2023.9.6.1\include\Effects.h">
      <Filter>Header Files</Filter>
    </ClInclude>
    <ClInclude Include="packages\directxtk_desktop_2019.2023.9.6.1\include\GamePad.h">
      <Filter>Header Files</Filter>
    </ClInclude>
    <ClInclude Include="packages\directxtk_desktop_2019.2023.9.6.1\include\GeometricPrimitive.h">
      <Filter>Header Files</Filter>
    </ClInclude>
    <ClInclude Include="packages\directxtk_desktop_2019.2023.9.6.1\include\GraphicsMemory.h">
      <Filter>Header Files</Filter>
    </ClInclude>
    <ClInclude Include="packages\directxtk_desktop_2019.2023.9.6.1\include\Keyboard.h">
      <Filter>Header Files</Filter>
    </ClInclude>
    <ClInclude Include="packages\directxtk_desktop_2019.2023.9.6.1\include\Model.h">
      <Filter>Header Files</Filter>
    </ClInclude>
    <ClInclude Include="packages\directxtk_desktop_2019.2023.9.6.1\include\Mouse.h">
      <Filter>Header Files</Filter>
    </ClInclude>
    <ClInclude Include="packages\directxtk_desktop_2019.2023.9.6.1\include\PostProcess.h">
      <Filter>Header Files</Filter>
    </ClInclude>
    <ClInclude Include="packages\directxtk_desktop_2019.2023.9.6.1\include\PrimitiveBatch.h">
      <Filter>Header Files</Filter>
    </ClInclude>
    <ClInclude Include="packages\directxtk_desktop_2019.2023.9.6.1\include\ScreenGrab.h">
      <Filter>Header Files</Filter>
    </ClInclude>
    <ClInclude Include="packages\directxtk_desktop_2019.2023.9.6.1\include\SimpleMath.h">
      <Filter>Header Files</Filter>
    </ClInclude>
    <ClInclude Include="packages\directxtk_desktop_2019.2023.9.6.1\include\SpriteBatch.h">
      <Filter>Header Files</Filter>
    </ClInclude>
    <ClInclude Include="packages\directxtk_desktop_2019.2023.9.6.1\include\SpriteFont.h">
      <Filter>Header Files</Filter>
    </ClInclude>
    <ClInclude Include="packages\directxtk_desktop_2019.2023.9.6.1\include\VertexTypes.h">
      <Filter>Header Files</Filter>
    </ClInclude>
    <ClInclude Include="packages\directxtk_desktop_2019.2023.9.6.1\include\WICTextureLoader.h">
      <Filter>Header Files</Filter>
    </ClInclude>
    <ClInclude Include="packages\Microsoft.XAudio2.Redist.1.2.11\build\native\include\x3daudio.h">
      <Filter>Header Files</Filter>
    </ClInclude>
    <ClInclude Include="packages\Microsoft.XAudio2.Redist.1.2.11\build\native\include\x3daudioRedist.h">
      <Filter>Header Files</Filter>
    </ClInclude>
    <ClInclude Include="packages\Microsoft.XAudio2.Redist.1.2.11\build\native\include\xapo.h">
      <Filter>Header Files</Filter>
    </ClInclude>
    <ClInclude Include="packages\Microsoft.XAudio2.Redist.1.2.11\build\native\include\xapobase.h">
      <Filter>Header Files</Filter>
    </ClInclude>
    <ClInclude Include="packages\Microsoft.XAudio2.Redist.1.2.11\build\native\include\xapobaseRedist.h">
      <Filter>Header Files</Filter>
    </ClInclude>
    <ClInclude Include="packages\Microsoft.XAudio2.Redist.1.2.11\build\native\include\xapofx.h">
      <Filter>Header Files</Filter>
    </ClInclude>
    <ClInclude Include="packages\Microsoft.XAudio2.Redist.1.2.11\build\native\include\xapofxRedist.h">
      <Filter>Header Files</Filter>
    </ClInclude>
    <ClInclude Include="packages\Microsoft.XAudio2.Redist.1.2.11\build\native\include\xapoRedist.h">
      <Filter>Header Files</Filter>
    </ClInclude>
    <ClInclude Include="packages\Microsoft.XAudio2.Redist.1.2.11\build\native\include\xaudio2.h">
      <Filter>Header Files</Filter>
    </ClInclude>
    <ClInclude Include="packages\Microsoft.XAudio2.Redist.1.2.11\build\native\include\xaudio2fx.h">
      <Filter>Header Files</Filter>
    </ClInclude>
    <ClInclude Include="packages\Microsoft.XAudio2.Redist.1.2.11\build\native\include\xaudio2fxRedist.h">
      <Filter>Header Files</Filter>
    </ClInclude>
    <ClInclude Include="packages\Microsoft.XAudio2.Redist.1.2.11\build\native\include\xaudio2Redist.h">
      <Filter>Header Files</Filter>
    </ClInclude>
    <ClInclude Include="packages\Microsoft.XAudio2.Redist.1.2.11\build\native\include\xdsp.h">
      <Filter>Header Files</Filter>
    </ClInclude>
  </ItemGroup>
  <ItemGroup>
    <ClCompile Include="Engine.cpp">
      <Filter>Source Files</Filter>
    </ClCompile>
    <ClCompile Include="Source\Engine\Implementation\DirectX11\DirectX11Billboard.cpp">
      <Filter>Source Files</Filter>
    </ClCompile>
    <ClCompile Include="Source\Engine\Implementation\DirectX11\DirectX11Graphics.cpp">
      <Filter>Source Files</Filter>
    </ClCompile>
    <ClCompile Include="Source\Engine\Implementation\DirectX11\DirectX11Mesh.cpp">
      <Filter>Source Files</Filter>
    </ClCompile>
    <ClCompile Include="Source\Engine\Implementation\DirectX11\DirectX11Shader.cpp">
      <Filter>Source Files</Filter>
    </ClCompile>
    <ClCompile Include="Source\Engine\Implementation\DirectX11\DirectX11Texture.cpp">
      <Filter>Source Files</Filter>
    </ClCompile>
    <ClCompile Include="Source\Engine\Implementation\XInput\DirectXInput.cpp">
      <Filter>Source Files</Filter>
    </ClCompile>
    <ClCompile Include="Source\Engine\Implementation\CameraComponent.cpp">
      <Filter>Source Files</Filter>
    </ClCompile>
    <ClCompile Include="Source\Engine\Implementation\MeshRenderable.cpp">
      <Filter>Source Files</Filter>
    </ClCompile>
    <ClCompile Include="Source\Engine\Implementation\Scene.cpp">
      <Filter>Source Files</Filter>
    </ClCompile>
    <ClCompile Include="Source\Engine\Implementation\SpriteRenderable.cpp">
      <Filter>Source Files</Filter>
    </ClCompile>
    <ClCompile Include="Source\Engine\Implementation\TestComponent.cpp">
      <Filter>Source Files</Filter>
    </ClCompile>
    <ClCompile Include="Source\Engine\Implementation\Debug.cpp">
      <Filter>Source Files</Filter>
    </ClCompile>
    <ClCompile Include="Source\Engine\Implementation\GameObject.cpp">
      <Filter>Source Files</Filter>
    </ClCompile>
    <ClCompile Include="Source\Engine\Implementation\GameObjectFactory.cpp">
      <Filter>Source Files</Filter>
    </ClCompile>
    <ClCompile Include="Source\Engine\IApplication.cpp">
      <Filter>Source Files</Filter>
    </ClCompile>
    <ClCompile Include="Source\Engine\IComponent.cpp">
      <Filter>Source Files</Filter>
    </ClCompile>
    <ClCompile Include="Source\Engine\IGraphics.cpp">
      <Filter>Source Files</Filter>
    </ClCompile>
    <ClCompile Include="Source\Engine\IInput.cpp">
      <Filter>Source Files</Filter>
    </ClCompile>
    <ClCompile Include="Source\Engine\ImGuiController.cpp">
      <Filter>Source Files</Filter>
    </ClCompile>
    <ClCompile Include="Source\Engine\ImGuiFPSCounter.cpp">
      <Filter>Source Files</Filter>
    </ClCompile>
    <ClCompile Include="Source\Engine\IRenderable.cpp">
      <Filter>Source Files</Filter>
    </ClCompile>
    <ClCompile Include="Source\Engine\IRenderableComponent.cpp">
      <Filter>Source Files</Filter>
    </ClCompile>
    <ClCompile Include="Source\Engine\IShader.cpp">
      <Filter>Source Files</Filter>
    </ClCompile>
    <ClCompile Include="Source\Engine\ITexture.cpp">
      <Filter>Source Files</Filter>
    </ClCompile>
    <ClCompile Include="Source\Engine\Implementation\OrthographicCamera.cpp">
      <Filter>Source Files</Filter>
    </ClCompile>
    <ClCompile Include="Source\Engine\Implementation\PerspectiveCamera.cpp">
      <Filter>Source Files</Filter>
    </ClCompile>
    <ClCompile Include="packages\ImGui\backends\imgui_impl_dx11.cpp">
      <Filter>Source Files</Filter>
    </ClCompile>
    <ClCompile Include="packages\ImGui\backends\imgui_impl_win32.cpp">
      <Filter>Source Files</Filter>
    </ClCompile>
    <ClCompile Include="packages\ImGui\examples\example_win32_directx11\main.cpp">
      <Filter>Source Files</Filter>
    </ClCompile>
    <ClCompile Include="packages\ImGui\examples\libs\usynergy\uSynergy.c">
      <Filter>Source Files</Filter>
    </ClCompile>
    <ClCompile Include="packages\ImGui\misc\cpp\imgui_stdlib.cpp">
      <Filter>Source Files</Filter>
    </ClCompile>
    <ClCompile Include="packages\ImGui\misc\fonts\binary_to_compressed_c.cpp">
      <Filter>Source Files</Filter>
    </ClCompile>
    <ClCompile Include="packages\ImGui\misc\freetype\imgui_freetype.cpp">
      <Filter>Source Files</Filter>
    </ClCompile>
    <ClCompile Include="packages\ImGui\imgui.cpp">
      <Filter>Source Files</Filter>
    </ClCompile>
    <ClCompile Include="packages\ImGui\imgui_demo.cpp">
      <Filter>Source Files</Filter>
    </ClCompile>
    <ClCompile Include="packages\ImGui\imgui_draw.cpp">
      <Filter>Source Files</Filter>
    </ClCompile>
    <ClCompile Include="packages\ImGui\imgui_tables.cpp">
      <Filter>Source Files</Filter>
    </ClCompile>
    <ClCompile Include="packages\ImGui\imgui_widgets.cpp">
      <Filter>Source Files</Filter>
    </ClCompile>
  </ItemGroup>
  <ItemGroup>
    <None Include="packages\ImGui\examples\libs\emscripten\shell_minimal.html" />
    <None Include="packages\directxtk_desktop_2019.2023.9.6.1\include\SimpleMath.inl">
      <Filter>Header Files</Filter>
    </None>
  </ItemGroup>
</Project>